
Microsoft Visual Studio Solution File, Format Version 12.00
# Visual Studio Version 17
VisualStudioVersion = 17.9.34728.123
MinimumVisualStudioVersion = 10.0.40219.1
Project("{FAE04EC0-301F-11D3-BF4B-00C04F79EFBC}") = "TESTOpenGL", "TESTOpenGL\TESTOpenGL.csproj", "{A10AA958-55A4-4685-ADD1-0813839AE28E}"
EndProject
Global
	GlobalSection(SolutionConfigurationPlatforms) = preSolution
		Debug|Any CPU = Debug|Any CPU
		Release|Any CPU = Release|Any CPU
	EndGlobalSection
	GlobalSection(ProjectConfigurationPlatforms) = postSolution
		{A10AA958-55A4-4685-ADD1-0813839AE28E}.Debug|Any CPU.ActiveCfg = Debug|Any CPU
		{A10AA958-55A4-4685-ADD1-0813839AE28E}.Debug|Any CPU.Build.0 = Debug|Any CPU
		{A10AA958-55A4-4685-ADD1-0813839AE28E}.Release|Any CPU.ActiveCfg = Release|Any CPU
		{A10AA958-55A4-4685-ADD1-0813839AE28E}.Release|Any CPU.Build.0 = Release|Any CPU
	EndGlobalSection
	GlobalSection(SolutionProperties) = preSolution
		HideSolutionNode = FALSE
	EndGlobalSection
	GlobalSection(ExtensibilityGlobals) = postSolution
		SolutionGuid = {67F275D9-1646-47DF-857D-8A4CAB997B90}
	EndGlobalSection
EndGlobal
